{
  "name": "lottie-editor",
  "version": "0.0.1",
  "lockfileVersion": 1,
  "requires": true,
  "dependencies": {
    "ansi-styles": {
      "version": "4.3.0",
      "resolved": "https://registry.nlark.com/ansi-styles/download/ansi-styles-4.3.0.tgz?cache=0&sync_timestamp=1618995547052&other_urls=https%3A%2F%2Fregistry.nlark.com%2Fansi-styles%2Fdownload%2Fansi-styles-4.3.0.tgz",
      "integrity": "sha1-7dgDYornHATIWuegkG7a00tkiTc=",
      "requires": {
        "color-convert": "^2.0.1"
      }
    },
    "axios": {
      "version": "0.22.0",
      "resolved": "https://registry.npmmirror.com/axios/download/axios-0.22.0.tgz",
      "integrity": "sha1-v3AsQftQ+8pFOVidg5oHcRe3myU=",
      "requires": {
        "follow-redirects": "^1.14.4"
      }
    },
    "balanced-match": {
      "version": "1.0.2",
      "resolved": "https://registry.nlark.com/balanced-match/download/balanced-match-1.0.2.tgz",
      "integrity": "sha1-6D46fj8wCzTLnYf2FfoMvzV2kO4="
    },
    "brace-expansion": {
      "version": "1.1.11",
      "resolved": "https://registry.npm.taobao.org/brace-expansion/download/brace-expansion-1.1.11.tgz",
      "integrity": "sha1-PH/L9SnYcibz0vUrlm/1Jx60Qd0=",
      "requires": {
        "balanced-match": "^1.0.0",
        "concat-map": "0.0.1"
      }
    },
    "chalk": {
      "version": "4.1.2",
      "resolved": "https://registry.nlark.com/chalk/download/chalk-4.1.2.tgz",
      "integrity": "sha1-qsTit3NKdAhnrrFr8CqtVWoeegE=",
      "requires": {
        "ansi-styles": "^4.1.0",
        "supports-color": "^7.1.0"
      }
    },
    "charenc": {
      "version": "0.0.2",
      "resolved": "https://registry.nlark.com/charenc/download/charenc-0.0.2.tgz",
      "integrity": "sha1-wKHS86cJLgN3S/qD8UwPxXkKhmc="
    },
    "color-convert": {
      "version": "2.0.1",
      "resolved": "https://registry.nlark.com/color-convert/download/color-convert-2.0.1.tgz",
      "integrity": "sha1-ctOmjVmMm9s68q0ehPIdiWq9TeM=",
      "requires": {
        "color-name": "~1.1.4"
      }
    },
    "color-name": {
      "version": "1.1.4",
      "resolved": "https://registry.npm.taobao.org/color-name/download/color-name-1.1.4.tgz",
      "integrity": "sha1-wqCah6y95pVD3m9j+jmVyCbFNqI="
    },
    "concat-map": {
      "version": "0.0.1",
      "resolved": "https://registry.npm.taobao.org/concat-map/download/concat-map-0.0.1.tgz",
      "integrity": "sha1-2Klr13/Wjfd5OnMDajug1UBdR3s="
    },
    "core-util-is": {
      "version": "1.0.3",
      "resolved": "https://registry.nlark.com/core-util-is/download/core-util-is-1.0.3.tgz?cache=0&sync_timestamp=1630420570787&other_urls=https%3A%2F%2Fregistry.nlark.com%2Fcore-util-is%2Fdownload%2Fcore-util-is-1.0.3.tgz",
      "integrity": "sha1-pgQtNjTCsn6TKPg3uWX6yDgI24U="
    },
    "crypt": {
      "version": "0.0.2",
      "resolved": "https://registry.nlark.com/crypt/download/crypt-0.0.2.tgz",
      "integrity": "sha1-iNf/fsDfuG9xPch7u0LQRNPmxBs="
    },
    "follow-redirects": {
      "version": "1.14.4",
      "resolved": "https://registry.nlark.com/follow-redirects/download/follow-redirects-1.14.4.tgz?cache=0&sync_timestamp=1631622129411&other_urls=https%3A%2F%2Fregistry.nlark.com%2Ffollow-redirects%2Fdownload%2Ffollow-redirects-1.14.4.tgz",
      "integrity": "sha1-g4/fSKi73XnlLuUfsclOPtmLk3k="
    },
    "fs-extra": {
      "version": "10.0.0",
      "resolved": "https://registry.nlark.com/fs-extra/download/fs-extra-10.0.0.tgz",
      "integrity": "sha1-n/YbZV3eU/s0qC34S7IUzoAuF8E=",
      "requires": {
        "graceful-fs": "^4.2.0",
        "jsonfile": "^6.0.1",
        "universalify": "^2.0.0"
      }
    },
    "fs.realpath": {
      "version": "1.0.0",
      "resolved": "https://registry.nlark.com/fs.realpath/download/fs.realpath-1.0.0.tgz",
      "integrity": "sha1-FQStJSMVjKpA20onh8sBQRmU6k8="
    },
    "glob": {
      "version": "7.2.0",
      "resolved": "https://registry.npmmirror.com/glob/download/glob-7.2.0.tgz?cache=0&sync_timestamp=1632353796482&other_urls=https%3A%2F%2Fregistry.npmmirror.com%2Fglob%2Fdownload%2Fglob-7.2.0.tgz",
      "integrity": "sha1-0VU1r3cy4C6Uj0xBYovZECk/YCM=",
      "requires": {
        "fs.realpath": "^1.0.0",
        "inflight": "^1.0.4",
        "inherits": "2",
        "minimatch": "^3.0.4",
        "once": "^1.3.0",
        "path-is-absolute": "^1.0.0"
      }
    },
    "graceful-fs": {
      "version": "4.2.8",
      "resolved": "https://registry.nlark.com/graceful-fs/download/graceful-fs-4.2.8.tgz?cache=0&sync_timestamp=1628194078324&other_urls=https%3A%2F%2Fregistry.nlark.com%2Fgraceful-fs%2Fdownload%2Fgraceful-fs-4.2.8.tgz",
      "integrity": "sha1-5BK40z9eAGWTy9PO5t+fLOu+gCo="
    },
    "has-flag": {
      "version": "4.0.0",
      "resolved": "https://registry.nlark.com/has-flag/download/has-flag-4.0.0.tgz?cache=0&sync_timestamp=1626715907927&other_urls=https%3A%2F%2Fregistry.nlark.com%2Fhas-flag%2Fdownload%2Fhas-flag-4.0.0.tgz",
      "integrity": "sha1-lEdx/ZyByBJlxNaUGGDaBrtZR5s="
    },
    "immediate": {
      "version": "3.0.6",
      "resolved": "https://registry.npm.taobao.org/immediate/download/immediate-3.0.6.tgz",
      "integrity": "sha1-nbHb0Pr43m++D13V5Wu2BigN5ps="
    },
    "inflight": {
      "version": "1.0.6",
      "resolved": "https://registry.nlark.com/inflight/download/inflight-1.0.6.tgz",
      "integrity": "sha1-Sb1jMdfQLQwJvJEKEHW6gWW1bfk=",
      "requires": {
        "once": "^1.3.0",
        "wrappy": "1"
      }
    },
    "inherits": {
      "version": "2.0.4",
      "resolved": "https://registry.npm.taobao.org/inherits/download/inherits-2.0.4.tgz",
      "integrity": "sha1-D6LGT5MpF8NDOg3tVTY6rjdBa3w="
    },
    "is-buffer": {
      "version": "1.1.6",
      "resolved": "https://registry.nlark.com/is-buffer/download/is-buffer-1.1.6.tgz",
      "integrity": "sha1-76ouqdqg16suoTqXsritUf776L4="
    },
    "isarray": {
      "version": "1.0.0",
      "resolved": "https://registry.npm.taobao.org/isarray/download/isarray-1.0.0.tgz",
      "integrity": "sha1-u5NdSFgsuhaMBoNJV6VKPgcSTxE="
    },
    "jsonfile": {
      "version": "6.1.0",
      "resolved": "https://registry.npm.taobao.org/jsonfile/download/jsonfile-6.1.0.tgz?cache=0&sync_timestamp=1604161917513&other_urls=https%3A%2F%2Fregistry.npm.taobao.org%2Fjsonfile%2Fdownload%2Fjsonfile-6.1.0.tgz",
      "integrity": "sha1-vFWyY0eTxnnsZAMJTrE2mKbsCq4=",
      "requires": {
        "graceful-fs": "^4.1.6",
        "universalify": "^2.0.0"
      }
    },
    "jszip": {
      "version": "3.7.1",
      "resolved": "https://registry.nlark.com/jszip/download/jszip-3.7.1.tgz",
      "integrity": "sha1-vWNAEiHBViWhIoxVbKimjab9o9k=",
      "requires": {
        "lie": "~3.3.0",
        "pako": "~1.0.2",
        "readable-stream": "~2.3.6",
        "set-immediate-shim": "~1.0.1"
      }
    },
    "jszip-utils": {
      "version": "0.1.0",
      "resolved": "https://registry.npm.taobao.org/jszip-utils/download/jszip-utils-0.1.0.tgz",
      "integrity": "sha1-jATN7c2ykeg/BV9bJhs6MYjOygs="
    },
    "lie": {
      "version": "3.3.0",
      "resolved": "https://registry.npm.taobao.org/lie/download/lie-3.3.0.tgz",
      "integrity": "sha1-3Pgt7lRfRgdNryAMfBxaCOD0D2o=",
      "requires": {
        "immediate": "~3.0.5"
      }
    },
    "md5": {
      "version": "2.3.0",
      "resolved": "https://registry.npm.taobao.org/md5/download/md5-2.3.0.tgz?cache=0&sync_timestamp=1596362680344&other_urls=https%3A%2F%2Fregistry.npm.taobao.org%2Fmd5%2Fdownload%2Fmd5-2.3.0.tgz",
      "integrity": "sha1-w9qaaq46MLRreww0m4exENw72k8=",
      "requires": {
        "charenc": "0.0.2",
        "crypt": "0.0.2",
        "is-buffer": "~1.1.6"
      }
    },
    "minimatch": {
      "version": "3.0.4",
      "resolved": "https://registry.npm.taobao.org/minimatch/download/minimatch-3.0.4.tgz",
      "integrity": "sha1-UWbihkV/AzBgZL5Ul+jbsMPTIIM=",
      "requires": {
        "brace-expansion": "^1.1.7"
      }
    },
    "once": {
      "version": "1.4.0",
      "resolved": "https://registry.npm.taobao.org/once/download/once-1.4.0.tgz",
      "integrity": "sha1-WDsap3WWHUsROsF9nFC6753Xa9E=",
      "requires": {
        "wrappy": "1"
      }
    },
    "p-pipe": {
      "version": "4.0.0",
      "resolved": "https://registry.npm.taobao.org/p-pipe/download/p-pipe-4.0.0.tgz",
      "integrity": "sha1-flQkVpNRsqtFKkeCasuTzgmtaiw="
    },
    "pako": {
      "version": "1.0.11",
      "resolved": "https://registry.nlark.com/pako/download/pako-1.0.11.tgz",
      "integrity": "sha1-bJWZ00DVTf05RjgCUqNXBaa5kr8="
    },
    "path-is-absolute": {
      "version": "1.0.1",
      "resolved": "https://registry.nlark.com/path-is-absolute/download/path-is-absolute-1.0.1.tgz",
      "integrity": "sha1-F0uSaHNVNP+8es5r9TpanhtcX18="
    },
    "pify": {
      "version": "5.0.0",
      "resolved": "https://registry.npm.taobao.org/pify/download/pify-5.0.0.tgz",
      "integrity": "sha1-H17KP16H6+wozG1UoOSq8ArMEn8="
    },
    "process-nextick-args": {
      "version": "2.0.1",
      "resolved": "https://registry.npm.taobao.org/process-nextick-args/download/process-nextick-args-2.0.1.tgz",
      "integrity": "sha1-eCDZsWEgzFXKmud5JoCufbptf+I="
    },
    "readable-stream": {
      "version": "2.3.7",
      "resolved": "https://registry.npm.taobao.org/readable-stream/download/readable-stream-2.3.7.tgz",
      "integrity": "sha1-Hsoc9xGu+BTAT2IlKjamL2yyO1c=",
      "requires": {
        "core-util-is": "~1.0.0",
        "inherits": "~2.0.3",
        "isarray": "~1.0.0",
        "process-nextick-args": "~2.0.0",
        "safe-buffer": "~5.1.1",
        "string_decoder": "~1.1.1",
        "util-deprecate": "~1.0.1"
      }
    },
    "rimraf": {
      "version": "3.0.2",
      "resolved": "https://registry.nlark.com/rimraf/download/rimraf-3.0.2.tgz?cache=0&other_urls=https%3A%2F%2Fregistry.nlark.com%2Frimraf%2Fdownload%2Frimraf-3.0.2.tgz",
      "integrity": "sha1-8aVAK6YiCtUswSgrrBrjqkn9Bho=",
      "requires": {
        "glob": "^7.1.3"
      }
    },
    "safe-buffer": {
      "version": "5.1.2",
      "resolved": "https://registry.npm.taobao.org/safe-buffer/download/safe-buffer-5.1.2.tgz",
      "integrity": "sha1-mR7GnSluAxN0fVm9/St0XDX4go0="
    },
    "set-immediate-shim": {
      "version": "1.0.1",
      "resolved": "https://registry.npm.taobao.org/set-immediate-shim/download/set-immediate-shim-1.0.1.tgz",
      "integrity": "sha1-SysbJ+uAip+NzEgaWOXlb1mfP2E="
    },
    "string_decoder": {
      "version": "1.1.1",
      "resolved": "https://registry.nlark.com/string_decoder/download/string_decoder-1.1.1.tgz",
      "integrity": "sha1-nPFhG6YmhdcDCunkujQUnDrwP8g=",
      "requires": {
        "safe-buffer": "~5.1.0"
      }
    },
    "supports-color": {
      "version": "7.2.0",
      "resolved": "https://registry.nlark.com/supports-color/download/supports-color-7.2.0.tgz",
      "integrity": "sha1-G33NyzK4E4gBs+R4umpRyqiWSNo=",
      "requires": {
        "has-flag": "^4.0.0"
      }
    },
    "universalify": {
      "version": "2.0.0",
      "resolved": "https://registry.nlark.com/universalify/download/universalify-2.0.0.tgz",
      "integrity": "sha1-daSYTv7cSwiXXFrrc/Uw0C3yVxc="
    },
    "util-deprecate": {
      "version": "1.0.2",
      "resolved": "https://registry.nlark.com/util-deprecate/download/util-deprecate-1.0.2.tgz",
      "integrity": "sha1-RQ1Nyfpw3nMnYvvS1KKJgUGaDM8="
    },
    "wrappy": {
      "version": "1.0.2",
      "resolved": "https://registry.nlark.com/wrappy/download/wrappy-1.0.2.tgz?cache=0&sync_timestamp=1619133505879&other_urls=https%3A%2F%2Fregistry.nlark.com%2Fwrappy%2Fdownload%2Fwrappy-1.0.2.tgz",
      "integrity": "sha1-tSQ9jz7BqjXxNkYFvA0QNuMKtp8="
    }
  }
}
